// !$*UTF8*$!
{
	archiveVersion = 1;
	classes = {
	};
	objectVersion = 77;
	objects = {

/* Begin PBXBuildFile section */
		F89E03482D797CDA0024CCCD /* .gitignore in Resources */ = {isa = PBXBuildFile; fileRef = F89E03472D797CDA0024CCCD /* .gitignore */; };
		F89E03CD2D79818A0024CCCD /* SnapKit in Frameworks */ = {isa = PBXBuildFile; productRef = F89E03CC2D79818A0024CCCD /* SnapKit */; };
		F89E03D02D7981DD0024CCCD /* Kingfisher in Frameworks */ = {isa = PBXBuildFile; productRef = F89E03CF2D7981DD0024CCCD /* Kingfisher */; };
		F89E03D32D7982F10024CCCD /* RxCocoa in Frameworks */ = {isa = PBXBuildFile; productRef = F89E03D22D7982F10024CCCD /* RxCocoa */; };
		F89E03D52D7982F10024CCCD /* RxSwift in Frameworks */ = {isa = PBXBuildFile; productRef = F89E03D42D7982F10024CCCD /* RxSwift */; };
		F89E03D82D7983D00024CCCD /* RealmSwift in Frameworks */ = {isa = PBXBuildFile; productRef = F89E03D72D7983D00024CCCD /* RealmSwift */; };
		F89E03D92D7983FB0024CCCD /* RealmSwift in Embed Frameworks */ = {isa = PBXBuildFile; productRef = F89E03D72D7983D00024CCCD /* RealmSwift */; settings = {ATTRIBUTES = (CodeSignOnCopy, ); }; };
		F89E03DD2D7985540024CCCD /* Toast in Frameworks */ = {isa = PBXBuildFile; productRef = F89E03DC2D7985540024CCCD /* Toast */; };
		F89E03E02D79869B0024CCCD /* Reachability in Frameworks */ = {isa = PBXBuildFile; productRef = F89E03DF2D79869B0024CCCD /* Reachability */; };
/* End PBXBuildFile section */

/* Begin PBXCopyFilesBuildPhase section */
		F89E03DA2D7983FB0024CCCD /* Embed Frameworks */ = {
			isa = PBXCopyFilesBuildPhase;
			buildActionMask = 2147483647;
			dstPath = "";
			dstSubfolderSpec = 10;
			files = (
				F89E03D92D7983FB0024CCCD /* RealmSwift in Embed Frameworks */,
			);
			name = "Embed Frameworks";
			runOnlyForDeploymentPostprocessing = 0;
		};
/* End PBXCopyFilesBuildPhase section */

/* Begin PBXFileReference section */
		F89E02632D796EEB0024CCCD /* ios-coin-pedia.app */ = {isa = PBXFileReference; explicitFileType = wrapper.application; includeInIndex = 0; path = "ios-coin-pedia.app"; sourceTree = BUILT_PRODUCTS_DIR; };
		F89E03472D797CDA0024CCCD /* .gitignore */ = {isa = PBXFileReference; lastKnownFileType = text; path = .gitignore; sourceTree = "<group>"; };
/* End PBXFileReference section */

/* Begin PBXFileSystemSynchronizedBuildFileExceptionSet section */
		F89E02752D796EED0024CCCD /* Exceptions for "ios-coin-pedia" folder in "ios-coin-pedia" target */ = {
			isa = PBXFileSystemSynchronizedBuildFileExceptionSet;
			membershipExceptions = (
				Info.plist,
			);
			target = F89E02622D796EEB0024CCCD /* ios-coin-pedia */;
		};
/* End PBXFileSystemSynchronizedBuildFileExceptionSet section */

/* Begin PBXFileSystemSynchronizedRootGroup section */
		F89E02652D796EEB0024CCCD /* ios-coin-pedia */ = {
			isa = PBXFileSystemSynchronizedRootGroup;
			exceptions = (
				F89E02752D796EED0024CCCD /* Exceptions for "ios-coin-pedia" folder in "ios-coin-pedia" target */,
			);
			path = "ios-coin-pedia";
			sourceTree = "<group>";
		};
/* End PBXFileSystemSynchronizedRootGroup section */

/* Begin PBXFrameworksBuildPhase section */
		F89E02602D796EEB0024CCCD /* Frameworks */ = {
			isa = PBXFrameworksBuildPhase;
			buildActionMask = 2147483647;
			files = (
				F89E03DD2D7985540024CCCD /* Toast in Frameworks */,
				F89E03E02D79869B0024CCCD /* Reachability in Frameworks */,
				F89E03D32D7982F10024CCCD /* RxCocoa in Frameworks */,
				F89E03D02D7981DD0024CCCD /* Kingfisher in Frameworks */,
				F89E03D52D7982F10024CCCD /* RxSwift in Frameworks */,
				F89E03D82D7983D00024CCCD /* RealmSwift in Frameworks */,
				F89E03CD2D79818A0024CCCD /* SnapKit in Frameworks */,
			);
			runOnlyForDeploymentPostprocessing = 0;
		};
/* End PBXFrameworksBuildPhase section */

/* Begin PBXGroup section */
		F89E025A2D796EEB0024CCCD = {
			isa = PBXGroup;
			children = (
				F89E03472D797CDA0024CCCD /* .gitignore */,
				F89E02652D796EEB0024CCCD /* ios-coin-pedia */,
				F89E02642D796EEB0024CCCD /* Products */,
			);
			sourceTree = "<group>";
		};
		F89E02642D796EEB0024CCCD /* Products */ = {
			isa = PBXGroup;
			children = (
				F89E02632D796EEB0024CCCD /* ios-coin-pedia.app */,
			);
			name = Products;
			sourceTree = "<group>";
		};
/* End PBXGroup section */

/* Begin PBXNativeTarget section */
		F89E02622D796EEB0024CCCD /* ios-coin-pedia */ = {
			isa = PBXNativeTarget;
			buildConfigurationList = F89E02762D796EED0024CCCD /* Build configuration list for PBXNativeTarget "ios-coin-pedia" */;
			buildPhases = (
				F89E025F2D796EEB0024CCCD /* Sources */,
				F89E02602D796EEB0024CCCD /* Frameworks */,
				F89E02612D796EEB0024CCCD /* Resources */,
				F89E03DA2D7983FB0024CCCD /* Embed Frameworks */,
			);
			buildRules = (
			);
			dependencies = (
			);
			fileSystemSynchronizedGroups = (
				F89E02652D796EEB0024CCCD /* ios-coin-pedia */,
			);
			name = "ios-coin-pedia";
			packageProductDependencies = (
				F89E03CC2D79818A0024CCCD /* SnapKit */,
				F89E03CF2D7981DD0024CCCD /* Kingfisher */,
				F89E03D22D7982F10024CCCD /* RxCocoa */,
				F89E03D42D7982F10024CCCD /* RxSwift */,
				F89E03D72D7983D00024CCCD /* RealmSwift */,
				F89E03DC2D7985540024CCCD /* Toast */,
				F89E03DF2D79869B0024CCCD /* Reachability */,
			);
			productName = "ios-coin-pedia";
			productReference = F89E02632D796EEB0024CCCD /* ios-coin-pedia.app */;
			productType = "com.apple.product-type.application";
		};
/* End PBXNativeTarget section */

/* Begin PBXProject section */
		F89E025B2D796EEB0024CCCD /* Project object */ = {
			isa = PBXProject;
			attributes = {
				BuildIndependentTargetsInParallel = 1;
				LastSwiftUpdateCheck = 1620;
				LastUpgradeCheck = 1620;
				TargetAttributes = {
					F89E02622D796EEB0024CCCD = {
						CreatedOnToolsVersion = 16.2;
					};
				};
			};
			buildConfigurationList = F89E025E2D796EEB0024CCCD /* Build configuration list for PBXProject "ios-coin-pedia" */;
			developmentRegion = en;
			hasScannedForEncodings = 0;
			knownRegions = (
				en,
				Base,
			);
			mainGroup = F89E025A2D796EEB0024CCCD;
			minimizedProjectReferenceProxies = 1;
			packageReferences = (
				F89E03CB2D79818A0024CCCD /* XCRemoteSwiftPackageReference "SnapKit" */,
				F89E03CE2D7981DD0024CCCD /* XCRemoteSwiftPackageReference "Kingfisher" */,
				F89E03D12D7982F10024CCCD /* XCRemoteSwiftPackageReference "RxSwift" */,
				F89E03D62D7983D00024CCCD /* XCRemoteSwiftPackageReference "realm-swift" */,
				F89E03DB2D7985540024CCCD /* XCRemoteSwiftPackageReference "Toast-Swift" */,
				F89E03DE2D79869B0024CCCD /* XCRemoteSwiftPackageReference "Reachability.swift" */,
			);
			preferredProjectObjectVersion = 77;
			productRefGroup = F89E02642D796EEB0024CCCD /* Products */;
			projectDirPath = "";
			projectRoot = "";
			targets = (
				F89E02622D796EEB0024CCCD /* ios-coin-pedia */,
			);
		};
/* End PBXProject section */

/* Begin PBXResourcesBuildPhase section */
		F89E02612D796EEB0024CCCD /* Resources */ = {
			isa = PBXResourcesBuildPhase;
			buildActionMask = 2147483647;
			files = (
				F89E03482D797CDA0024CCCD /* .gitignore in Resources */,
			);
			runOnlyForDeploymentPostprocessing = 0;
		};
/* End PBXResourcesBuildPhase section */

/* Begin PBXSourcesBuildPhase section */
		F89E025F2D796EEB0024CCCD /* Sources */ = {
			isa = PBXSourcesBuildPhase;
			buildActionMask = 2147483647;
			files = (
			);
			runOnlyForDeploymentPostprocessing = 0;
		};
/* End PBXSourcesBuildPhase section */

/* Begin XCBuildConfiguration section */
		F89E02772D796EED0024CCCD /* Debug */ = {
			isa = XCBuildConfiguration;
			buildSettings = {
				ASSETCATALOG_COMPILER_APPICON_NAME = AppIcon;
				ASSETCATALOG_COMPILER_GLOBAL_ACCENT_COLOR_NAME = AccentColor;
				CODE_SIGN_STYLE = Automatic;
				CURRENT_PROJECT_VERSION = 1;
				DEVELOPMENT_TEAM = PFCLKWG38B;
				GENERATE_INFOPLIST_FILE = YES;
				INFOPLIST_FILE = "ios-coin-pedia/Info.plist";
				INFOPLIST_KEY_CFBundleDisplayName = "구현";
				INFOPLIST_KEY_UIApplicationSupportsIndirectInputEvents = YES;
				INFOPLIST_KEY_UILaunchStoryboardName = LaunchScreen;
				INFOPLIST_KEY_UIMainStoryboardFile = "";
				INFOPLIST_KEY_UIStatusBarStyle = UIStatusBarStyleLightContent;
				INFOPLIST_KEY_UISupportedInterfaceOrientations = UIInterfaceOrientationPortrait;
				INFOPLIST_KEY_UISupportedInterfaceOrientations_iPad = UIInterfaceOrientationPortrait;
				IPHONEOS_DEPLOYMENT_TARGET = 16.0;
				LD_RUNPATH_SEARCH_PATHS = (
					"$(inherited)",
					"@executable_path/Frameworks",
				);
				MARKETING_VERSION = 1.0;
				PRODUCT_BUNDLE_IDENTIFIER = "com.hgoo.ios-coin-pedia";
				PRODUCT_NAME = "$(TARGET_NAME)";
				SUPPORTED_PLATFORMS = "iphoneos iphonesimulator";
				SUPPORTS_MACCATALYST = NO;
				SUPPORTS_MAC_DESIGNED_FOR_IPHONE_IPAD = NO;
				SUPPORTS_XR_DESIGNED_FOR_IPHONE_IPAD = NO;
				SWIFT_EMIT_LOC_STRINGS = YES;
				SWIFT_VERSION = 5.0;
				TARGETED_DEVICE_FAMILY = 1;
			};
			name = Debug;
		};
		F89E02782D796EED0024CCCD /* Release */ = {
			isa = XCBuildConfiguration;
			buildSettings = {
				ASSETCATALOG_COMPILER_APPICON_NAME = AppIcon;
				ASSETCATALOG_COMPILER_GLOBAL_ACCENT_COLOR_NAME = AccentColor;
				CODE_SIGN_STYLE = Automatic;
				CURRENT_PROJECT_VERSION = 1;
				DEVELOPMENT_TEAM = PFCLKWG38B;
				GENERATE_INFOPLIST_FILE = YES;
				INFOPLIST_FILE = "ios-coin-pedia/Info.plist";
				INFOPLIST_KEY_CFBundleDisplayName = "구현";
				INFOPLIST_KEY_UIApplicationSupportsIndirectInputEvents = YES;
				INFOPLIST_KEY_UILaunchStoryboardName = LaunchScreen;
				INFOPLIST_KEY_UIMainStoryboardFile = "";
				INFOPLIST_KEY_UIStatusBarStyle = UIStatusBarStyleLightContent;
				INFOPLIST_KEY_UISupportedInterfaceOrientations = UIInterfaceOrientationPortrait;
				INFOPLIST_KEY_UISupportedInterfaceOrientations_iPad = UIInterfaceOrientationPortrait;
				IPHONEOS_DEPLOYMENT_TARGET = 16.0;
				LD_RUNPATH_SEARCH_PATHS = (
					"$(inherited)",
					"@executable_path/Frameworks",
				);
				MARKETING_VERSION = 1.0;
				PRODUCT_BUNDLE_IDENTIFIER = "com.hgoo.ios-coin-pedia";
				PRODUCT_NAME = "$(TARGET_NAME)";
				SUPPORTED_PLATFORMS = "iphoneos iphonesimulator";
				SUPPORTS_MACCATALYST = NO;
				SUPPORTS_MAC_DESIGNED_FOR_IPHONE_IPAD = NO;
				SUPPORTS_XR_DESIGNED_FOR_IPHONE_IPAD = NO;
				SWIFT_EMIT_LOC_STRINGS = YES;
				SWIFT_VERSION = 5.0;
				TARGETED_DEVICE_FAMILY = 1;
			};
			name = Release;
		};
		F89E02792D796EED0024CCCD /* Debug */ = {
			isa = XCBuildConfiguration;
			buildSettings = {
				ALWAYS_SEARCH_USER_PATHS = NO;
				ASSETCATALOG_COMPILER_GENERATE_SWIFT_ASSET_SYMBOL_EXTENSIONS = YES;
				CLANG_ANALYZER_NONNULL = YES;
				CLANG_ANALYZER_NUMBER_OBJECT_CONVERSION = YES_AGGRESSIVE;
				CLANG_CXX_LANGUAGE_STANDARD = "gnu++20";
				CLANG_ENABLE_MODULES = YES;
				CLANG_ENABLE_OBJC_ARC = YES;
				CLANG_ENABLE_OBJC_WEAK = YES;
				CLANG_WARN_BLOCK_CAPTURE_AUTORELEASING = YES;
				CLANG_WARN_BOOL_CONVERSION = YES;
				CLANG_WARN_COMMA = YES;
				CLANG_WARN_CONSTANT_CONVERSION = YES;
				CLANG_WARN_DEPRECATED_OBJC_IMPLEMENTATIONS = YES;
				CLANG_WARN_DIRECT_OBJC_ISA_USAGE = YES_ERROR;
				CLANG_WARN_DOCUMENTATION_COMMENTS = YES;
				CLANG_WARN_EMPTY_BODY = YES;
				CLANG_WARN_ENUM_CONVERSION = YES;
				CLANG_WARN_INFINITE_RECURSION = YES;
				CLANG_WARN_INT_CONVERSION = YES;
				CLANG_WARN_NON_LITERAL_NULL_CONVERSION = YES;
				CLANG_WARN_OBJC_IMPLICIT_RETAIN_SELF = YES;
				CLANG_WARN_OBJC_LITERAL_CONVERSION = YES;
				CLANG_WARN_OBJC_ROOT_CLASS = YES_ERROR;
				CLANG_WARN_QUOTED_INCLUDE_IN_FRAMEWORK_HEADER = YES;
				CLANG_WARN_RANGE_LOOP_ANALYSIS = YES;
				CLANG_WARN_STRICT_PROTOTYPES = YES;
				CLANG_WARN_SUSPICIOUS_MOVE = YES;
				CLANG_WARN_UNGUARDED_AVAILABILITY = YES_AGGRESSIVE;
				CLANG_WARN_UNREACHABLE_CODE = YES;
				CLANG_WARN__DUPLICATE_METHOD_MATCH = YES;
				COPY_PHASE_STRIP = NO;
				DEBUG_INFORMATION_FORMAT = dwarf;
				ENABLE_STRICT_OBJC_MSGSEND = YES;
				ENABLE_TESTABILITY = YES;
				ENABLE_USER_SCRIPT_SANDBOXING = YES;
				GCC_C_LANGUAGE_STANDARD = gnu17;
				GCC_DYNAMIC_NO_PIC = NO;
				GCC_NO_COMMON_BLOCKS = YES;
				GCC_OPTIMIZATION_LEVEL = 0;
				GCC_PREPROCESSOR_DEFINITIONS = (
					"DEBUG=1",
					"$(inherited)",
				);
				GCC_WARN_64_TO_32_BIT_CONVERSION = YES;
				GCC_WARN_ABOUT_RETURN_TYPE = YES_ERROR;
				GCC_WARN_UNDECLARED_SELECTOR = YES;
				GCC_WARN_UNINITIALIZED_AUTOS = YES_AGGRESSIVE;
				GCC_WARN_UNUSED_FUNCTION = YES;
				GCC_WARN_UNUSED_VARIABLE = YES;
				IPHONEOS_DEPLOYMENT_TARGET = 18.2;
				LOCALIZATION_PREFERS_STRING_CATALOGS = YES;
				MTL_ENABLE_DEBUG_INFO = INCLUDE_SOURCE;
				MTL_FAST_MATH = YES;
				ONLY_ACTIVE_ARCH = YES;
				SDKROOT = iphoneos;
				SWIFT_ACTIVE_COMPILATION_CONDITIONS = "DEBUG $(inherited)";
				SWIFT_OPTIMIZATION_LEVEL = "-Onone";
			};
			name = Debug;
		};
		F89E027A2D796EED0024CCCD /* Release */ = {
			isa = XCBuildConfiguration;
			buildSettings = {
				ALWAYS_SEARCH_USER_PATHS = NO;
				ASSETCATALOG_COMPILER_GENERATE_SWIFT_ASSET_SYMBOL_EXTENSIONS = YES;
				CLANG_ANALYZER_NONNULL = YES;
				CLANG_ANALYZER_NUMBER_OBJECT_CONVERSION = YES_AGGRESSIVE;
				CLANG_CXX_LANGUAGE_STANDARD = "gnu++20";
				CLANG_ENABLE_MODULES = YES;
				CLANG_ENABLE_OBJC_ARC = YES;
				CLANG_ENABLE_OBJC_WEAK = YES;
				CLANG_WARN_BLOCK_CAPTURE_AUTORELEASING = YES;
				CLANG_WARN_BOOL_CONVERSION = YES;
				CLANG_WARN_COMMA = YES;
				CLANG_WARN_CONSTANT_CONVERSION = YES;
				CLANG_WARN_DEPRECATED_OBJC_IMPLEMENTATIONS = YES;
				CLANG_WARN_DIRECT_OBJC_ISA_USAGE = YES_ERROR;
				CLANG_WARN_DOCUMENTATION_COMMENTS = YES;
				CLANG_WARN_EMPTY_BODY = YES;
				CLANG_WARN_ENUM_CONVERSION = YES;
				CLANG_WARN_INFINITE_RECURSION = YES;
				CLANG_WARN_INT_CONVERSION = YES;
				CLANG_WARN_NON_LITERAL_NULL_CONVERSION = YES;
				CLANG_WARN_OBJC_IMPLICIT_RETAIN_SELF = YES;
				CLANG_WARN_OBJC_LITERAL_CONVERSION = YES;
				CLANG_WARN_OBJC_ROOT_CLASS = YES_ERROR;
				CLANG_WARN_QUOTED_INCLUDE_IN_FRAMEWORK_HEADER = YES;
				CLANG_WARN_RANGE_LOOP_ANALYSIS = YES;
				CLANG_WARN_STRICT_PROTOTYPES = YES;
				CLANG_WARN_SUSPICIOUS_MOVE = YES;
				CLANG_WARN_UNGUARDED_AVAILABILITY = YES_AGGRESSIVE;
				CLANG_WARN_UNREACHABLE_CODE = YES;
				CLANG_WARN__DUPLICATE_METHOD_MATCH = YES;
				COPY_PHASE_STRIP = NO;
				DEBUG_INFORMATION_FORMAT = "dwarf-with-dsym";
				ENABLE_NS_ASSERTIONS = NO;
				ENABLE_STRICT_OBJC_MSGSEND = YES;
				ENABLE_USER_SCRIPT_SANDBOXING = YES;
				GCC_C_LANGUAGE_STANDARD = gnu17;
				GCC_NO_COMMON_BLOCKS = YES;
				GCC_WARN_64_TO_32_BIT_CONVERSION = YES;
				GCC_WARN_ABOUT_RETURN_TYPE = YES_ERROR;
				GCC_WARN_UNDECLARED_SELECTOR = YES;
				GCC_WARN_UNINITIALIZED_AUTOS = YES_AGGRESSIVE;
				GCC_WARN_UNUSED_FUNCTION = YES;
				GCC_WARN_UNUSED_VARIABLE = YES;
				IPHONEOS_DEPLOYMENT_TARGET = 18.2;
				LOCALIZATION_PREFERS_STRING_CATALOGS = YES;
				MTL_ENABLE_DEBUG_INFO = NO;
				MTL_FAST_MATH = YES;
				SDKROOT = iphoneos;
				SWIFT_COMPILATION_MODE = wholemodule;
				VALIDATE_PRODUCT = YES;
			};
			name = Release;
		};
/* End XCBuildConfiguration section */

/* Begin XCConfigurationList section */
		F89E025E2D796EEB0024CCCD /* Build configuration list for PBXProject "ios-coin-pedia" */ = {
			isa = XCConfigurationList;
			buildConfigurations = (
				F89E02792D796EED0024CCCD /* Debug */,
				F89E027A2D796EED0024CCCD /* Release */,
			);
			defaultConfigurationIsVisible = 0;
			defaultConfigurationName = Release;
		};
		F89E02762D796EED0024CCCD /* Build configuration list for PBXNativeTarget "ios-coin-pedia" */ = {
			isa = XCConfigurationList;
			buildConfigurations = (
				F89E02772D796EED0024CCCD /* Debug */,
				F89E02782D796EED0024CCCD /* Release */,
			);
			defaultConfigurationIsVisible = 0;
			defaultConfigurationName = Release;
		};
/* End XCConfigurationList section */

/* Begin XCRemoteSwiftPackageReference section */
		F89E03CB2D79818A0024CCCD /* XCRemoteSwiftPackageReference "SnapKit" */ = {
			isa = XCRemoteSwiftPackageReference;
			repositoryURL = "https://github.com/SnapKit/SnapKit.git";
			requirement = {
				kind = upToNextMajorVersion;
				minimumVersion = 5.7.1;
			};
		};
		F89E03CE2D7981DD0024CCCD /* XCRemoteSwiftPackageReference "Kingfisher" */ = {
			isa = XCRemoteSwiftPackageReference;
			repositoryURL = "https://github.com/onevcat/Kingfisher.git";
			requirement = {
				kind = upToNextMajorVersion;
				minimumVersion = 8.3.0;
			};
		};
		F89E03D12D7982F10024CCCD /* XCRemoteSwiftPackageReference "RxSwift" */ = {
			isa = XCRemoteSwiftPackageReference;
			repositoryURL = "https://github.com/ReactiveX/RxSwift.git";
			requirement = {
				kind = upToNextMajorVersion;
				minimumVersion = 6.9.0;
			};
		};
		F89E03D62D7983D00024CCCD /* XCRemoteSwiftPackageReference "realm-swift" */ = {
			isa = XCRemoteSwiftPackageReference;
			repositoryURL = "https://github.com/realm/realm-swift.git";
			requirement = {
				kind = exactVersion;
				version = 20.0.1;
			};
		};
		F89E03DB2D7985540024CCCD /* XCRemoteSwiftPackageReference "Toast-Swift" */ = {
			isa = XCRemoteSwiftPackageReference;
			repositoryURL = "https://github.com/scalessec/Toast-Swift.git";
			requirement = {
				kind = upToNextMajorVersion;
				minimumVersion = 5.1.1;
			};
		};
		F89E03DE2D79869B0024CCCD /* XCRemoteSwiftPackageReference "Reachability.swift" */ = {
			isa = XCRemoteSwiftPackageReference;
			repositoryURL = "https://github.com/ashleymills/Reachability.swift.git";
			requirement = {
				kind = exactVersion;
				version = 5.2.4;
			};
		};
/* End XCRemoteSwiftPackageReference section */

/* Begin XCSwiftPackageProductDependency section */
		F89E03CC2D79818A0024CCCD /* SnapKit */ = {
			isa = XCSwiftPackageProductDependency;
			package = F89E03CB2D79818A0024CCCD /* XCRemoteSwiftPackageReference "SnapKit" */;
			productName = SnapKit;
		};
		F89E03CF2D7981DD0024CCCD /* Kingfisher */ = {
			isa = XCSwiftPackageProductDependency;
			package = F89E03CE2D7981DD0024CCCD /* XCRemoteSwiftPackageReference "Kingfisher" */;
			productName = Kingfisher;
		};
		F89E03D22D7982F10024CCCD /* RxCocoa */ = {
			isa = XCSwiftPackageProductDependency;
			package = F89E03D12D7982F10024CCCD /* XCRemoteSwiftPackageReference "RxSwift" */;
			productName = RxCocoa;
		};
		F89E03D42D7982F10024CCCD /* RxSwift */ = {
			isa = XCSwiftPackageProductDependency;
			package = F89E03D12D7982F10024CCCD /* XCRemoteSwiftPackageReference "RxSwift" */;
			productName = RxSwift;
		};
		F89E03D72D7983D00024CCCD /* RealmSwift */ = {
			isa = XCSwiftPackageProductDependency;
			package = F89E03D62D7983D00024CCCD /* XCRemoteSwiftPackageReference "realm-swift" */;
			productName = RealmSwift;
		};
		F89E03DC2D7985540024CCCD /* Toast */ = {
			isa = XCSwiftPackageProductDependency;
			package = F89E03DB2D7985540024CCCD /* XCRemoteSwiftPackageReference "Toast-Swift" */;
			productName = Toast;
		};
		F89E03DF2D79869B0024CCCD /* Reachability */ = {
			isa = XCSwiftPackageProductDependency;
			package = F89E03DE2D79869B0024CCCD /* XCRemoteSwiftPackageReference "Reachability.swift" */;
			productName = Reachability;
		};
/* End XCSwiftPackageProductDependency section */
	};
	rootObject = F89E025B2D796EEB0024CCCD /* Project object */;
}
